// !$*UTF8*$!
{
	archiveVersion = 1;
	classes = {
	};
	objectVersion = 56;
	objects = {

/* Begin PBXBuildFile section */
		E1049CFA2A9916640002570F /* NoItemsView.swift in Sources */ = {isa = PBXBuildFile; fileRef = E1049CF92A9916640002570F /* NoItemsView.swift */; };
		E1049CFC2A99173D0002570F /* LisRowView.swift in Sources */ = {isa = PBXBuildFile; fileRef = E1049CFB2A99173D0002570F /* LisRowView.swift */; };
		E1049CFE2A991D550002570F /* AddView.swift in Sources */ = {isa = PBXBuildFile; fileRef = E1049CFD2A991D550002570F /* AddView.swift */; };
		E12F472B2A9A6073001C4362 /* Utilities.swift in Sources */ = {isa = PBXBuildFile; fileRef = E12F472A2A9A6073001C4362 /* Utilities.swift */; };
		E12F472D2A9A623B001C4362 /* Constants.swift in Sources */ = {isa = PBXBuildFile; fileRef = E12F472C2A9A623B001C4362 /* Constants.swift */; };
		E1724E772A9B2C250000AEFF /* Markdown in Frameworks */ = {isa = PBXBuildFile; productRef = E1724E762A9B2C250000AEFF /* Markdown */; };
		E1724E7A2A9B2EE50000AEFF /* Markdownosaur in Frameworks */ = {isa = PBXBuildFile; productRef = E1724E792A9B2EE50000AEFF /* Markdownosaur */; };
		E1724E7C2A9B499E0000AEFF /* ShowMarkDownView.swift in Sources */ = {isa = PBXBuildFile; fileRef = E1724E7B2A9B499E0000AEFF /* ShowMarkDownView.swift */; };
		E1724E7E2A9B4E850000AEFF /* ListViewModel_Tests.swift in Sources */ = {isa = PBXBuildFile; fileRef = E1724E7D2A9B4E850000AEFF /* ListViewModel_Tests.swift */; };
		E1EAA8BC2A98E03B0057BEDF /* TODOApp.swift in Sources */ = {isa = PBXBuildFile; fileRef = E1EAA8BB2A98E03B0057BEDF /* TODOApp.swift */; };
		E1EAA8BE2A98E03B0057BEDF /* ContentView.swift in Sources */ = {isa = PBXBuildFile; fileRef = E1EAA8BD2A98E03B0057BEDF /* ContentView.swift */; };
		E1EAA8C22A98E03D0057BEDF /* Assets.xcassets in Resources */ = {isa = PBXBuildFile; fileRef = E1EAA8C12A98E03D0057BEDF /* Assets.xcassets */; };
		E1EAA8C52A98E03D0057BEDF /* Preview Assets.xcassets in Resources */ = {isa = PBXBuildFile; fileRef = E1EAA8C42A98E03D0057BEDF /* Preview Assets.xcassets */; };
		E1EAA8CF2A98E03E0057BEDF /* TODOTests.swift in Sources */ = {isa = PBXBuildFile; fileRef = E1EAA8CE2A98E03E0057BEDF /* TODOTests.swift */; };
		E1EAA8D92A98E03E0057BEDF /* TODOUITests.swift in Sources */ = {isa = PBXBuildFile; fileRef = E1EAA8D82A98E03E0057BEDF /* TODOUITests.swift */; };
		E1EAA8DB2A98E03E0057BEDF /* TODOUITestsLaunchTests.swift in Sources */ = {isa = PBXBuildFile; fileRef = E1EAA8DA2A98E03E0057BEDF /* TODOUITestsLaunchTests.swift */; };
		E1EAA8E92A98E1560057BEDF /* ItemModel.swift in Sources */ = {isa = PBXBuildFile; fileRef = E1EAA8E82A98E1560057BEDF /* ItemModel.swift */; };
		E1EAA8EC2A98E6210057BEDF /* ListViewModel.swift in Sources */ = {isa = PBXBuildFile; fileRef = E1EAA8EB2A98E6210057BEDF /* ListViewModel.swift */; };
/* End PBXBuildFile section */

/* Begin PBXContainerItemProxy section */
		E1EAA8CB2A98E03E0057BEDF /* PBXContainerItemProxy */ = {
			isa = PBXContainerItemProxy;
			containerPortal = E1EAA8B02A98E03B0057BEDF /* Project object */;
			proxyType = 1;
			remoteGlobalIDString = E1EAA8B72A98E03B0057BEDF;
			remoteInfo = TODO;
		};
		E1EAA8D52A98E03E0057BEDF /* PBXContainerItemProxy */ = {
			isa = PBXContainerItemProxy;
			containerPortal = E1EAA8B02A98E03B0057BEDF /* Project object */;
			proxyType = 1;
			remoteGlobalIDString = E1EAA8B72A98E03B0057BEDF;
			remoteInfo = TODO;
		};
/* End PBXContainerItemProxy section */

/* Begin PBXFileReference section */
		E1049CF92A9916640002570F /* NoItemsView.swift */ = {isa = PBXFileReference; lastKnownFileType = sourcecode.swift; path = NoItemsView.swift; sourceTree = "<group>"; };
		E1049CFB2A99173D0002570F /* LisRowView.swift */ = {isa = PBXFileReference; lastKnownFileType = sourcecode.swift; path = LisRowView.swift; sourceTree = "<group>"; };
		E1049CFD2A991D550002570F /* AddView.swift */ = {isa = PBXFileReference; lastKnownFileType = sourcecode.swift; path = AddView.swift; sourceTree = "<group>"; };
		E12F472A2A9A6073001C4362 /* Utilities.swift */ = {isa = PBXFileReference; lastKnownFileType = sourcecode.swift; path = Utilities.swift; sourceTree = "<group>"; };
		E12F472C2A9A623B001C4362 /* Constants.swift */ = {isa = PBXFileReference; lastKnownFileType = sourcecode.swift; path = Constants.swift; sourceTree = "<group>"; };
		E1724E7B2A9B499E0000AEFF /* ShowMarkDownView.swift */ = {isa = PBXFileReference; lastKnownFileType = sourcecode.swift; path = ShowMarkDownView.swift; sourceTree = "<group>"; };
		E1724E7D2A9B4E850000AEFF /* ListViewModel_Tests.swift */ = {isa = PBXFileReference; lastKnownFileType = sourcecode.swift; path = ListViewModel_Tests.swift; sourceTree = "<group>"; };
		E1724E7F2A9B512F0000AEFF /* README.md */ = {isa = PBXFileReference; lastKnownFileType = net.daringfireball.markdown; path = README.md; sourceTree = "<group>"; };
		E1EAA8B82A98E03B0057BEDF /* TODO.app */ = {isa = PBXFileReference; explicitFileType = wrapper.application; includeInIndex = 0; path = TODO.app; sourceTree = BUILT_PRODUCTS_DIR; };
		E1EAA8BB2A98E03B0057BEDF /* TODOApp.swift */ = {isa = PBXFileReference; lastKnownFileType = sourcecode.swift; path = TODOApp.swift; sourceTree = "<group>"; };
		E1EAA8BD2A98E03B0057BEDF /* ContentView.swift */ = {isa = PBXFileReference; lastKnownFileType = sourcecode.swift; path = ContentView.swift; sourceTree = "<group>"; };
		E1EAA8C12A98E03D0057BEDF /* Assets.xcassets */ = {isa = PBXFileReference; lastKnownFileType = folder.assetcatalog; path = Assets.xcassets; sourceTree = "<group>"; };
		E1EAA8C42A98E03D0057BEDF /* Preview Assets.xcassets */ = {isa = PBXFileReference; lastKnownFileType = folder.assetcatalog; path = "Preview Assets.xcassets"; sourceTree = "<group>"; };
		E1EAA8CA2A98E03E0057BEDF /* TODOTests.xctest */ = {isa = PBXFileReference; explicitFileType = wrapper.cfbundle; includeInIndex = 0; path = TODOTests.xctest; sourceTree = BUILT_PRODUCTS_DIR; };
		E1EAA8CE2A98E03E0057BEDF /* TODOTests.swift */ = {isa = PBXFileReference; lastKnownFileType = sourcecode.swift; path = TODOTests.swift; sourceTree = "<group>"; };
		E1EAA8D42A98E03E0057BEDF /* TODOUITests.xctest */ = {isa = PBXFileReference; explicitFileType = wrapper.cfbundle; includeInIndex = 0; path = TODOUITests.xctest; sourceTree = BUILT_PRODUCTS_DIR; };
		E1EAA8D82A98E03E0057BEDF /* TODOUITests.swift */ = {isa = PBXFileReference; lastKnownFileType = sourcecode.swift; path = TODOUITests.swift; sourceTree = "<group>"; };
		E1EAA8DA2A98E03E0057BEDF /* TODOUITestsLaunchTests.swift */ = {isa = PBXFileReference; lastKnownFileType = sourcecode.swift; path = TODOUITestsLaunchTests.swift; sourceTree = "<group>"; };
		E1EAA8E82A98E1560057BEDF /* ItemModel.swift */ = {isa = PBXFileReference; lastKnownFileType = sourcecode.swift; path = ItemModel.swift; sourceTree = "<group>"; };
		E1EAA8EB2A98E6210057BEDF /* ListViewModel.swift */ = {isa = PBXFileReference; lastKnownFileType = sourcecode.swift; path = ListViewModel.swift; sourceTree = "<group>"; };
/* End PBXFileReference section */

/* Begin PBXFrameworksBuildPhase section */
		E1EAA8B52A98E03B0057BEDF /* Frameworks */ = {
			isa = PBXFrameworksBuildPhase;
			buildActionMask = 2147483647;
			files = (
				E1724E7A2A9B2EE50000AEFF /* Markdownosaur in Frameworks */,
				E1724E772A9B2C250000AEFF /* Markdown in Frameworks */,
			);
			runOnlyForDeploymentPostprocessing = 0;
		};
		E1EAA8C72A98E03E0057BEDF /* Frameworks */ = {
			isa = PBXFrameworksBuildPhase;
			buildActionMask = 2147483647;
			files = (
			);
			runOnlyForDeploymentPostprocessing = 0;
		};
		E1EAA8D12A98E03E0057BEDF /* Frameworks */ = {
			isa = PBXFrameworksBuildPhase;
			buildActionMask = 2147483647;
			files = (
			);
			runOnlyForDeploymentPostprocessing = 0;
		};
/* End PBXFrameworksBuildPhase section */

/* Begin PBXGroup section */
		E1EAA8AF2A98E03B0057BEDF = {
			isa = PBXGroup;
			children = (
				E1724E7F2A9B512F0000AEFF /* README.md */,
				E1EAA8BA2A98E03B0057BEDF /* TODO */,
				E1EAA8CD2A98E03E0057BEDF /* TODOTests */,
				E1EAA8D72A98E03E0057BEDF /* TODOUITests */,
				E1EAA8B92A98E03B0057BEDF /* Products */,
			);
			sourceTree = "<group>";
		};
		E1EAA8B92A98E03B0057BEDF /* Products */ = {
			isa = PBXGroup;
			children = (
				E1EAA8B82A98E03B0057BEDF /* TODO.app */,
				E1EAA8CA2A98E03E0057BEDF /* TODOTests.xctest */,
				E1EAA8D42A98E03E0057BEDF /* TODOUITests.xctest */,
			);
			name = Products;
			sourceTree = "<group>";
		};
		E1EAA8BA2A98E03B0057BEDF /* TODO */ = {
			isa = PBXGroup;
			children = (
				E1EAA8ED2A98E9120057BEDF /* Views */,
				E1EAA8EA2A98E6050057BEDF /* ViewModel */,
				E1EAA8E72A98E1430057BEDF /* Model */,
				E1EAA8BB2A98E03B0057BEDF /* TODOApp.swift */,
				E1EAA8C12A98E03D0057BEDF /* Assets.xcassets */,
				E1EAA8C32A98E03D0057BEDF /* Preview Content */,
				E12F472A2A9A6073001C4362 /* Utilities.swift */,
				E12F472C2A9A623B001C4362 /* Constants.swift */,
			);
			path = TODO;
			sourceTree = "<group>";
		};
		E1EAA8C32A98E03D0057BEDF /* Preview Content */ = {
			isa = PBXGroup;
			children = (
				E1EAA8C42A98E03D0057BEDF /* Preview Assets.xcassets */,
			);
			path = "Preview Content";
			sourceTree = "<group>";
		};
		E1EAA8CD2A98E03E0057BEDF /* TODOTests */ = {
			isa = PBXGroup;
			children = (
				E1EAA8CE2A98E03E0057BEDF /* TODOTests.swift */,
				E1724E7D2A9B4E850000AEFF /* ListViewModel_Tests.swift */,
			);
			path = TODOTests;
			sourceTree = "<group>";
		};
		E1EAA8D72A98E03E0057BEDF /* TODOUITests */ = {
			isa = PBXGroup;
			children = (
				E1EAA8D82A98E03E0057BEDF /* TODOUITests.swift */,
				E1EAA8DA2A98E03E0057BEDF /* TODOUITestsLaunchTests.swift */,
			);
			path = TODOUITests;
			sourceTree = "<group>";
		};
		E1EAA8E72A98E1430057BEDF /* Model */ = {
			isa = PBXGroup;
			children = (
				E1EAA8E82A98E1560057BEDF /* ItemModel.swift */,
			);
			path = Model;
			sourceTree = "<group>";
		};
		E1EAA8EA2A98E6050057BEDF /* ViewModel */ = {
			isa = PBXGroup;
			children = (
				E1EAA8EB2A98E6210057BEDF /* ListViewModel.swift */,
			);
			path = ViewModel;
			sourceTree = "<group>";
		};
		E1EAA8ED2A98E9120057BEDF /* Views */ = {
			isa = PBXGroup;
			children = (
				E1EAA8BD2A98E03B0057BEDF /* ContentView.swift */,
				E1049CF92A9916640002570F /* NoItemsView.swift */,
				E1049CFB2A99173D0002570F /* LisRowView.swift */,
				E1049CFD2A991D550002570F /* AddView.swift */,
				E1724E7B2A9B499E0000AEFF /* ShowMarkDownView.swift */,
			);
			path = Views;
			sourceTree = "<group>";
		};
/* End PBXGroup section */

/* Begin PBXNativeTarget section */
		E1EAA8B72A98E03B0057BEDF /* TODO */ = {
			isa = PBXNativeTarget;
			buildConfigurationList = E1EAA8DE2A98E03E0057BEDF /* Build configuration list for PBXNativeTarget "TODO" */;
			buildPhases = (
				E1EAA8B42A98E03B0057BEDF /* Sources */,
				E1EAA8B52A98E03B0057BEDF /* Frameworks */,
				E1EAA8B62A98E03B0057BEDF /* Resources */,
			);
			buildRules = (
			);
			dependencies = (
			);
			name = TODO;
			packageProductDependencies = (
				E1724E762A9B2C250000AEFF /* Markdown */,
				E1724E792A9B2EE50000AEFF /* Markdownosaur */,
			);
			productName = TODO;
			productReference = E1EAA8B82A98E03B0057BEDF /* TODO.app */;
			productType = "com.apple.product-type.application";
		};
		E1EAA8C92A98E03E0057BEDF /* TODOTests */ = {
			isa = PBXNativeTarget;
			buildConfigurationList = E1EAA8E12A98E03E0057BEDF /* Build configuration list for PBXNativeTarget "TODOTests" */;
			buildPhases = (
				E1EAA8C62A98E03E0057BEDF /* Sources */,
				E1EAA8C72A98E03E0057BEDF /* Frameworks */,
				E1EAA8C82A98E03E0057BEDF /* Resources */,
			);
			buildRules = (
			);
			dependencies = (
				E1EAA8CC2A98E03E0057BEDF /* PBXTargetDependency */,
			);
			name = TODOTests;
			productName = TODOTests;
			productReference = E1EAA8CA2A98E03E0057BEDF /* TODOTests.xctest */;
			productType = "com.apple.product-type.bundle.unit-test";
		};
		E1EAA8D32A98E03E0057BEDF /* TODOUITests */ = {
			isa = PBXNativeTarget;
			buildConfigurationList = E1EAA8E42A98E03E0057BEDF /* Build configuration list for PBXNativeTarget "TODOUITests" */;
			buildPhases = (
				E1EAA8D02A98E03E0057BEDF /* Sources */,
				E1EAA8D12A98E03E0057BEDF /* Frameworks */,
				E1EAA8D22A98E03E0057BEDF /* Resources */,
			);
			buildRules = (
			);
			dependencies = (
				E1EAA8D62A98E03E0057BEDF /* PBXTargetDependency */,
			);
			name = TODOUITests;
			productName = TODOUITests;
			productReference = E1EAA8D42A98E03E0057BEDF /* TODOUITests.xctest */;
			productType = "com.apple.product-type.bundle.ui-testing";
		};
/* End PBXNativeTarget section */

/* Begin PBXProject section */
		E1EAA8B02A98E03B0057BEDF /* Project object */ = {
			isa = PBXProject;
			attributes = {
				BuildIndependentTargetsInParallel = 1;
				LastSwiftUpdateCheck = 1500;
				LastUpgradeCheck = 1500;
				TargetAttributes = {
					E1EAA8B72A98E03B0057BEDF = {
						CreatedOnToolsVersion = 15.0;
					};
					E1EAA8C92A98E03E0057BEDF = {
						CreatedOnToolsVersion = 15.0;
						TestTargetID = E1EAA8B72A98E03B0057BEDF;
					};
					E1EAA8D32A98E03E0057BEDF = {
						CreatedOnToolsVersion = 15.0;
						TestTargetID = E1EAA8B72A98E03B0057BEDF;
					};
				};
			};
			buildConfigurationList = E1EAA8B32A98E03B0057BEDF /* Build configuration list for PBXProject "TODO" */;
			compatibilityVersion = "Xcode 14.0";
			developmentRegion = en;
			hasScannedForEncodings = 0;
			knownRegions = (
				en,
				Base,
			);
			mainGroup = E1EAA8AF2A98E03B0057BEDF;
			packageReferences = (
				E1724E752A9B2C250000AEFF /* XCRemoteSwiftPackageReference "swift-markdown" */,
				E1724E782A9B2EE50000AEFF /* XCRemoteSwiftPackageReference "Markdownosaur" */,
			);
			productRefGroup = E1EAA8B92A98E03B0057BEDF /* Products */;
			projectDirPath = "";
			projectRoot = "";
			targets = (
				E1EAA8B72A98E03B0057BEDF /* TODO */,
				E1EAA8C92A98E03E0057BEDF /* TODOTests */,
				E1EAA8D32A98E03E0057BEDF /* TODOUITests */,
			);
		};
/* End PBXProject section */

/* Begin PBXResourcesBuildPhase section */
		E1EAA8B62A98E03B0057BEDF /* Resources */ = {
			isa = PBXResourcesBuildPhase;
			buildActionMask = 2147483647;
			files = (
				E1EAA8C52A98E03D0057BEDF /* Preview Assets.xcassets in Resources */,
				E1EAA8C22A98E03D0057BEDF /* Assets.xcassets in Resources */,
			);
			runOnlyForDeploymentPostprocessing = 0;
		};
		E1EAA8C82A98E03E0057BEDF /* Resources */ = {
			isa = PBXResourcesBuildPhase;
			buildActionMask = 2147483647;
			files = (
			);
			runOnlyForDeploymentPostprocessing = 0;
		};
		E1EAA8D22A98E03E0057BEDF /* Resources */ = {
			isa = PBXResourcesBuildPhase;
			buildActionMask = 2147483647;
			files = (
			);
			runOnlyForDeploymentPostprocessing = 0;
		};
/* End PBXResourcesBuildPhase section */

/* Begin PBXSourcesBuildPhase section */
		E1EAA8B42A98E03B0057BEDF /* Sources */ = {
			isa = PBXSourcesBuildPhase;
			buildActionMask = 2147483647;
			files = (
				E1049CFE2A991D550002570F /* AddView.swift in Sources */,
				E1EAA8E92A98E1560057BEDF /* ItemModel.swift in Sources */,
				E1EAA8BE2A98E03B0057BEDF /* ContentView.swift in Sources */,
				E1EAA8EC2A98E6210057BEDF /* ListViewModel.swift in Sources */,
				E1724E7C2A9B499E0000AEFF /* ShowMarkDownView.swift in Sources */,
				E1EAA8BC2A98E03B0057BEDF /* TODOApp.swift in Sources */,
				E1049CFC2A99173D0002570F /* LisRowView.swift in Sources */,
				E12F472B2A9A6073001C4362 /* Utilities.swift in Sources */,
				E1049CFA2A9916640002570F /* NoItemsView.swift in Sources */,
				E12F472D2A9A623B001C4362 /* Constants.swift in Sources */,
			);
			runOnlyForDeploymentPostprocessing = 0;
		};
		E1EAA8C62A98E03E0057BEDF /* Sources */ = {
			isa = PBXSourcesBuildPhase;
			buildActionMask = 2147483647;
			files = (
				E1724E7E2A9B4E850000AEFF /* ListViewModel_Tests.swift in Sources */,
				E1EAA8CF2A98E03E0057BEDF /* TODOTests.swift in Sources */,
			);
			runOnlyForDeploymentPostprocessing = 0;
		};
		E1EAA8D02A98E03E0057BEDF /* Sources */ = {
			isa = PBXSourcesBuildPhase;
			buildActionMask = 2147483647;
			files = (
				E1EAA8DB2A98E03E0057BEDF /* TODOUITestsLaunchTests.swift in Sources */,
				E1EAA8D92A98E03E0057BEDF /* TODOUITests.swift in Sources */,
			);
			runOnlyForDeploymentPostprocessing = 0;
		};
/* End PBXSourcesBuildPhase section */

/* Begin PBXTargetDependency section */
		E1EAA8CC2A98E03E0057BEDF /* PBXTargetDependency */ = {
			isa = PBXTargetDependency;
			target = E1EAA8B72A98E03B0057BEDF /* TODO */;
			targetProxy = E1EAA8CB2A98E03E0057BEDF /* PBXContainerItemProxy */;
		};
		E1EAA8D62A98E03E0057BEDF /* PBXTargetDependency */ = {
			isa = PBXTargetDependency;
			target = E1EAA8B72A98E03B0057BEDF /* TODO */;
			targetProxy = E1EAA8D52A98E03E0057BEDF /* PBXContainerItemProxy */;
		};
/* End PBXTargetDependency section */

/* Begin XCBuildConfiguration section */
		E1EAA8DC2A98E03E0057BEDF /* Debug */ = {
			isa = XCBuildConfiguration;
			buildSettings = {
				ALWAYS_SEARCH_USER_PATHS = NO;
				ASSETCATALOG_COMPILER_GENERATE_SWIFT_ASSET_SYMBOL_EXTENSIONS = YES;
				CLANG_ANALYZER_NONNULL = YES;
				CLANG_ANALYZER_NUMBER_OBJECT_CONVERSION = YES_AGGRESSIVE;
				CLANG_CXX_LANGUAGE_STANDARD = "gnu++20";
				CLANG_ENABLE_MODULES = YES;
				CLANG_ENABLE_OBJC_ARC = YES;
				CLANG_ENABLE_OBJC_WEAK = YES;
				CLANG_WARN_BLOCK_CAPTURE_AUTORELEASING = YES;
				CLANG_WARN_BOOL_CONVERSION = YES;
				CLANG_WARN_COMMA = YES;
				CLANG_WARN_CONSTANT_CONVERSION = YES;
				CLANG_WARN_DEPRECATED_OBJC_IMPLEMENTATIONS = YES;
				CLANG_WARN_DIRECT_OBJC_ISA_USAGE = YES_ERROR;
				CLANG_WARN_DOCUMENTATION_COMMENTS = YES;
				CLANG_WARN_EMPTY_BODY = YES;
				CLANG_WARN_ENUM_CONVERSION = YES;
				CLANG_WARN_INFINITE_RECURSION = YES;
				CLANG_WARN_INT_CONVERSION = YES;
				CLANG_WARN_NON_LITERAL_NULL_CONVERSION = YES;
				CLANG_WARN_OBJC_IMPLICIT_RETAIN_SELF = YES;
				CLANG_WARN_OBJC_LITERAL_CONVERSION = YES;
				CLANG_WARN_OBJC_ROOT_CLASS = YES_ERROR;
				CLANG_WARN_QUOTED_INCLUDE_IN_FRAMEWORK_HEADER = YES;
				CLANG_WARN_RANGE_LOOP_ANALYSIS = YES;
				CLANG_WARN_STRICT_PROTOTYPES = YES;
				CLANG_WARN_SUSPICIOUS_MOVE = YES;
				CLANG_WARN_UNGUARDED_AVAILABILITY = YES_AGGRESSIVE;
				CLANG_WARN_UNREACHABLE_CODE = YES;
				CLANG_WARN__DUPLICATE_METHOD_MATCH = YES;
				COPY_PHASE_STRIP = NO;
				DEBUG_INFORMATION_FORMAT = dwarf;
				ENABLE_STRICT_OBJC_MSGSEND = YES;
				ENABLE_TESTABILITY = YES;
				ENABLE_USER_SCRIPT_SANDBOXING = YES;
				GCC_C_LANGUAGE_STANDARD = gnu17;
				GCC_DYNAMIC_NO_PIC = NO;
				GCC_NO_COMMON_BLOCKS = YES;
				GCC_OPTIMIZATION_LEVEL = 0;
				GCC_PREPROCESSOR_DEFINITIONS = (
					"DEBUG=1",
					"$(inherited)",
				);
				GCC_WARN_64_TO_32_BIT_CONVERSION = YES;
				GCC_WARN_ABOUT_RETURN_TYPE = YES_ERROR;
				GCC_WARN_UNDECLARED_SELECTOR = YES;
				GCC_WARN_UNINITIALIZED_AUTOS = YES_AGGRESSIVE;
				GCC_WARN_UNUSED_FUNCTION = YES;
				GCC_WARN_UNUSED_VARIABLE = YES;
				IPHONEOS_DEPLOYMENT_TARGET = 15.0;
				LOCALIZATION_PREFERS_STRING_CATALOGS = YES;
				MTL_ENABLE_DEBUG_INFO = INCLUDE_SOURCE;
				MTL_FAST_MATH = YES;
				ONLY_ACTIVE_ARCH = YES;
				SDKROOT = iphoneos;
				SWIFT_ACTIVE_COMPILATION_CONDITIONS = "DEBUG $(inherited)";
				SWIFT_OPTIMIZATION_LEVEL = "-Onone";
			};
			name = Debug;
		};
		E1EAA8DD2A98E03E0057BEDF /* Release */ = {
			isa = XCBuildConfiguration;
			buildSettings = {
				ALWAYS_SEARCH_USER_PATHS = NO;
				ASSETCATALOG_COMPILER_GENERATE_SWIFT_ASSET_SYMBOL_EXTENSIONS = YES;
				CLANG_ANALYZER_NONNULL = YES;
				CLANG_ANALYZER_NUMBER_OBJECT_CONVERSION = YES_AGGRESSIVE;
				CLANG_CXX_LANGUAGE_STANDARD = "gnu++20";
				CLANG_ENABLE_MODULES = YES;
				CLANG_ENABLE_OBJC_ARC = YES;
				CLANG_ENABLE_OBJC_WEAK = YES;
				CLANG_WARN_BLOCK_CAPTURE_AUTORELEASING = YES;
				CLANG_WARN_BOOL_CONVERSION = YES;
				CLANG_WARN_COMMA = YES;
				CLANG_WARN_CONSTANT_CONVERSION = YES;
				CLANG_WARN_DEPRECATED_OBJC_IMPLEMENTATIONS = YES;
				CLANG_WARN_DIRECT_OBJC_ISA_USAGE = YES_ERROR;
				CLANG_WARN_DOCUMENTATION_COMMENTS = YES;
				CLANG_WARN_EMPTY_BODY = YES;
				CLANG_WARN_ENUM_CONVERSION = YES;
				CLANG_WARN_INFINITE_RECURSION = YES;
				CLANG_WARN_INT_CONVERSION = YES;
				CLANG_WARN_NON_LITERAL_NULL_CONVERSION = YES;
				CLANG_WARN_OBJC_IMPLICIT_RETAIN_SELF = YES;
				CLANG_WARN_OBJC_LITERAL_CONVERSION = YES;
				CLANG_WARN_OBJC_ROOT_CLASS = YES_ERROR;
				CLANG_WARN_QUOTED_INCLUDE_IN_FRAMEWORK_HEADER = YES;
				CLANG_WARN_RANGE_LOOP_ANALYSIS = YES;
				CLANG_WARN_STRICT_PROTOTYPES = YES;
				CLANG_WARN_SUSPICIOUS_MOVE = YES;
				CLANG_WARN_UNGUARDED_AVAILABILITY = YES_AGGRESSIVE;
				CLANG_WARN_UNREACHABLE_CODE = YES;
				CLANG_WARN__DUPLICATE_METHOD_MATCH = YES;
				COPY_PHASE_STRIP = NO;
				DEBUG_INFORMATION_FORMAT = "dwarf-with-dsym";
				ENABLE_NS_ASSERTIONS = NO;
				ENABLE_STRICT_OBJC_MSGSEND = YES;
				ENABLE_USER_SCRIPT_SANDBOXING = YES;
				GCC_C_LANGUAGE_STANDARD = gnu17;
				GCC_NO_COMMON_BLOCKS = YES;
				GCC_WARN_64_TO_32_BIT_CONVERSION = YES;
				GCC_WARN_ABOUT_RETURN_TYPE = YES_ERROR;
				GCC_WARN_UNDECLARED_SELECTOR = YES;
				GCC_WARN_UNINITIALIZED_AUTOS = YES_AGGRESSIVE;
				GCC_WARN_UNUSED_FUNCTION = YES;
				GCC_WARN_UNUSED_VARIABLE = YES;
				IPHONEOS_DEPLOYMENT_TARGET = 15.0;
				LOCALIZATION_PREFERS_STRING_CATALOGS = YES;
				MTL_ENABLE_DEBUG_INFO = NO;
				MTL_FAST_MATH = YES;
				SDKROOT = iphoneos;
				SWIFT_COMPILATION_MODE = wholemodule;
				VALIDATE_PRODUCT = YES;
			};
			name = Release;
		};
		E1EAA8DF2A98E03E0057BEDF /* Debug */ = {
			isa = XCBuildConfiguration;
			buildSettings = {
				ASSETCATALOG_COMPILER_APPICON_NAME = AppIcon;
				ASSETCATALOG_COMPILER_GLOBAL_ACCENT_COLOR_NAME = AccentColor;
				CODE_SIGN_STYLE = Automatic;
				CURRENT_PROJECT_VERSION = 1;
				DEVELOPMENT_ASSET_PATHS = "\"TODO/Preview Content\"";
				DEVELOPMENT_TEAM = 59B339PWBJ;
				ENABLE_PREVIEWS = YES;
				GENERATE_INFOPLIST_FILE = YES;
				INFOPLIST_KEY_UIApplicationSceneManifest_Generation = YES;
				INFOPLIST_KEY_UIApplicationSupportsIndirectInputEvents = YES;
				INFOPLIST_KEY_UILaunchScreen_Generation = YES;
				INFOPLIST_KEY_UISupportedInterfaceOrientations_iPad = "UIInterfaceOrientationPortrait UIInterfaceOrientationPortraitUpsideDown UIInterfaceOrientationLandscapeLeft UIInterfaceOrientationLandscapeRight";
				INFOPLIST_KEY_UISupportedInterfaceOrientations_iPhone = "UIInterfaceOrientationPortrait UIInterfaceOrientationLandscapeLeft UIInterfaceOrientationLandscapeRight";
				IPHONEOS_DEPLOYMENT_TARGET = 15.0;
				LD_RUNPATH_SEARCH_PATHS = (
					"$(inherited)",
					"@executable_path/Frameworks",
				);
				MARKETING_VERSION = 1.0;
				PRODUCT_BUNDLE_IDENTIFIER = com.chengcy.TODO;
				PRODUCT_NAME = "$(TARGET_NAME)";
				SWIFT_EMIT_LOC_STRINGS = YES;
				SWIFT_VERSION = 5.0;
				TARGETED_DEVICE_FAMILY = "1,2";
			};
			name = Debug;
		};
		E1EAA8E02A98E03E0057BEDF /* Release */ = {
			isa = XCBuildConfiguration;
			buildSettings = {
				ASSETCATALOG_COMPILER_APPICON_NAME = AppIcon;
				ASSETCATALOG_COMPILER_GLOBAL_ACCENT_COLOR_NAME = AccentColor;
				CODE_SIGN_STYLE = Automatic;
				CURRENT_PROJECT_VERSION = 1;
				DEVELOPMENT_ASSET_PATHS = "\"TODO/Preview Content\"";
				DEVELOPMENT_TEAM = 59B339PWBJ;
				ENABLE_PREVIEWS = YES;
				GENERATE_INFOPLIST_FILE = YES;
				INFOPLIST_KEY_UIApplicationSceneManifest_Generation = YES;
				INFOPLIST_KEY_UIApplicationSupportsIndirectInputEvents = YES;
				INFOPLIST_KEY_UILaunchScreen_Generation = YES;
				INFOPLIST_KEY_UISupportedInterfaceOrientations_iPad = "UIInterfaceOrientationPortrait UIInterfaceOrientationPortraitUpsideDown UIInterfaceOrientationLandscapeLeft UIInterfaceOrientationLandscapeRight";
				INFOPLIST_KEY_UISupportedInterfaceOrientations_iPhone = "UIInterfaceOrientationPortrait UIInterfaceOrientationLandscapeLeft UIInterfaceOrientationLandscapeRight";
				IPHONEOS_DEPLOYMENT_TARGET = 15.0;
				LD_RUNPATH_SEARCH_PATHS = (
					"$(inherited)",
					"@executable_path/Frameworks",
				);
				MARKETING_VERSION = 1.0;
				PRODUCT_BUNDLE_IDENTIFIER = com.chengcy.TODO;
				PRODUCT_NAME = "$(TARGET_NAME)";
				SWIFT_EMIT_LOC_STRINGS = YES;
				SWIFT_VERSION = 5.0;
				TARGETED_DEVICE_FAMILY = "1,2";
			};
			name = Release;
		};
		E1EAA8E22A98E03E0057BEDF /* Debug */ = {
			isa = XCBuildConfiguration;
			buildSettings = {
				ALWAYS_EMBED_SWIFT_STANDARD_LIBRARIES = YES;
				BUNDLE_LOADER = "$(TEST_HOST)";
				CODE_SIGN_STYLE = Automatic;
				CURRENT_PROJECT_VERSION = 1;
				DEVELOPMENT_TEAM = 59B339PWBJ;
				GENERATE_INFOPLIST_FILE = YES;
				IPHONEOS_DEPLOYMENT_TARGET = 17.0;
				MARKETING_VERSION = 1.0;
				PRODUCT_BUNDLE_IDENTIFIER = com.chengcy.TODOTests;
				PRODUCT_NAME = "$(TARGET_NAME)";
				SWIFT_EMIT_LOC_STRINGS = NO;
				SWIFT_VERSION = 5.0;
				TARGETED_DEVICE_FAMILY = "1,2";
				TEST_HOST = "$(BUILT_PRODUCTS_DIR)/TODO.app/$(BUNDLE_EXECUTABLE_FOLDER_PATH)/TODO";
			};
			name = Debug;
		};
		E1EAA8E32A98E03E0057BEDF /* Release */ = {
			isa = XCBuildConfiguration;
			buildSettings = {
				ALWAYS_EMBED_SWIFT_STANDARD_LIBRARIES = YES;
				BUNDLE_LOADER = "$(TEST_HOST)";
				CODE_SIGN_STYLE = Automatic;
				CURRENT_PROJECT_VERSION = 1;
				DEVELOPMENT_TEAM = 59B339PWBJ;
				GENERATE_INFOPLIST_FILE = YES;
				IPHONEOS_DEPLOYMENT_TARGET = 17.0;
				MARKETING_VERSION = 1.0;
				PRODUCT_BUNDLE_IDENTIFIER = com.chengcy.TODOTests;
				PRODUCT_NAME = "$(TARGET_NAME)";
				SWIFT_EMIT_LOC_STRINGS = NO;
				SWIFT_VERSION = 5.0;
				TARGETED_DEVICE_FAMILY = "1,2";
				TEST_HOST = "$(BUILT_PRODUCTS_DIR)/TODO.app/$(BUNDLE_EXECUTABLE_FOLDER_PATH)/TODO";
			};
			name = Release;
		};
		E1EAA8E52A98E03E0057BEDF /* Debug */ = {
			isa = XCBuildConfiguration;
			buildSettings = {
				ALWAYS_EMBED_SWIFT_STANDARD_LIBRARIES = YES;
				CODE_SIGN_STYLE = Automatic;
				CURRENT_PROJECT_VERSION = 1;
				DEVELOPMENT_TEAM = 59B339PWBJ;
				GENERATE_INFOPLIST_FILE = YES;
				MARKETING_VERSION = 1.0;
				PRODUCT_BUNDLE_IDENTIFIER = com.chengcy.TODOUITests;
				PRODUCT_NAME = "$(TARGET_NAME)";
				SWIFT_EMIT_LOC_STRINGS = NO;
				SWIFT_VERSION = 5.0;
				TARGETED_DEVICE_FAMILY = "1,2";
				TEST_TARGET_NAME = TODO;
			};
			name = Debug;
		};
		E1EAA8E62A98E03E0057BEDF /* Release */ = {
			isa = XCBuildConfiguration;
			buildSettings = {
				ALWAYS_EMBED_SWIFT_STANDARD_LIBRARIES = YES;
				CODE_SIGN_STYLE = Automatic;
				CURRENT_PROJECT_VERSION = 1;
				DEVELOPMENT_TEAM = 59B339PWBJ;
				GENERATE_INFOPLIST_FILE = YES;
				MARKETING_VERSION = 1.0;
				PRODUCT_BUNDLE_IDENTIFIER = com.chengcy.TODOUITests;
				PRODUCT_NAME = "$(TARGET_NAME)";
				SWIFT_EMIT_LOC_STRINGS = NO;
				SWIFT_VERSION = 5.0;
				TARGETED_DEVICE_FAMILY = "1,2";
				TEST_TARGET_NAME = TODO;
			};
			name = Release;
		};
/* End XCBuildConfiguration section */

/* Begin XCConfigurationList section */
		E1EAA8B32A98E03B0057BEDF /* Build configuration list for PBXProject "TODO" */ = {
			isa = XCConfigurationList;
			buildConfigurations = (
				E1EAA8DC2A98E03E0057BEDF /* Debug */,
				E1EAA8DD2A98E03E0057BEDF /* Release */,
			);
			defaultConfigurationIsVisible = 0;
			defaultConfigurationName = Release;
		};
		E1EAA8DE2A98E03E0057BEDF /* Build configuration list for PBXNativeTarget "TODO" */ = {
			isa = XCConfigurationList;
			buildConfigurations = (
				E1EAA8DF2A98E03E0057BEDF /* Debug */,
				E1EAA8E02A98E03E0057BEDF /* Release */,
			);
			defaultConfigurationIsVisible = 0;
			defaultConfigurationName = Release;
		};
		E1EAA8E12A98E03E0057BEDF /* Build configuration list for PBXNativeTarget "TODOTests" */ = {
			isa = XCConfigurationList;
			buildConfigurations = (
				E1EAA8E22A98E03E0057BEDF /* Debug */,
				E1EAA8E32A98E03E0057BEDF /* Release */,
			);
			defaultConfigurationIsVisible = 0;
			defaultConfigurationName = Release;
		};
		E1EAA8E42A98E03E0057BEDF /* Build configuration list for PBXNativeTarget "TODOUITests" */ = {
			isa = XCConfigurationList;
			buildConfigurations = (
				E1EAA8E52A98E03E0057BEDF /* Debug */,
				E1EAA8E62A98E03E0057BEDF /* Release */,
			);
			defaultConfigurationIsVisible = 0;
			defaultConfigurationName = Release;
		};
/* End XCConfigurationList section */

/* Begin XCRemoteSwiftPackageReference section */
		E1724E752A9B2C250000AEFF /* XCRemoteSwiftPackageReference "swift-markdown" */ = {
			isa = XCRemoteSwiftPackageReference;
			repositoryURL = "https://github.com/apple/swift-markdown";
			requirement = {
				kind = upToNextMajorVersion;
				minimumVersion = 0.2.0;
			};
		};
		E1724E782A9B2EE50000AEFF /* XCRemoteSwiftPackageReference "Markdownosaur" */ = {
			isa = XCRemoteSwiftPackageReference;
			repositoryURL = "https://github.com/christianselig/Markdownosaur";
			requirement = {
				branch = main;
				kind = branch;
			};
		};
/* End XCRemoteSwiftPackageReference section */

/* Begin XCSwiftPackageProductDependency section */
		E1724E762A9B2C250000AEFF /* Markdown */ = {
			isa = XCSwiftPackageProductDependency;
			package = E1724E752A9B2C250000AEFF /* XCRemoteSwiftPackageReference "swift-markdown" */;
			productName = Markdown;
		};
		E1724E792A9B2EE50000AEFF /* Markdownosaur */ = {
			isa = XCSwiftPackageProductDependency;
			package = E1724E782A9B2EE50000AEFF /* XCRemoteSwiftPackageReference "Markdownosaur" */;
			productName = Markdownosaur;
		};
/* End XCSwiftPackageProductDependency section */
	};
	rootObject = E1EAA8B02A98E03B0057BEDF /* Project object */;
}
